
Microsoft Visual Studio Solution File, Format Version 12.00
# Visual Studio Version 17
VisualStudioVersion = 17.8.34330.188
MinimumVisualStudioVersion = 10.0.40219.1
Project("{9A19103F-16F7-4668-BE54-9A1E7A4F7556}") = "atm-bill", "src\atm-bill.csproj", "{1AC9F86A-D1C7-4FA1-98DE-1A7EBD3F8C2A}"
EndProject
Project("{FAE04EC0-301F-11D3-BF4B-00C04F79EFBC}") = "atm-bill-unittests", "tests\atm-bill-unittests\atm-bill-unittests.csproj", "{3304BF5F-FDC4-472C-A1AD-C7E12931726E}"
EndProject
Global
	GlobalSection(SolutionConfigurationPlatforms) = preSolution
		Debug|Any CPU = Debug|Any CPU
		Release|Any CPU = Release|Any CPU
	EndGlobalSection
	GlobalSection(ProjectConfigurationPlatforms) = postSolution
		{1AC9F86A-D1C7-4FA1-98DE-1A7EBD3F8C2A}.Debug|Any CPU.ActiveCfg = Debug|Any CPU
		{1AC9F86A-D1C7-4FA1-98DE-1A7EBD3F8C2A}.Debug|Any CPU.Build.0 = Debug|Any CPU
		{1AC9F86A-D1C7-4FA1-98DE-1A7EBD3F8C2A}.Release|Any CPU.ActiveCfg = Release|Any CPU
		{1AC9F86A-D1C7-4FA1-98DE-1A7EBD3F8C2A}.Release|Any CPU.Build.0 = Release|Any CPU
		{3304BF5F-FDC4-472C-A1AD-C7E12931726E}.Debug|Any CPU.ActiveCfg = Debug|Any CPU
		{3304BF5F-FDC4-472C-A1AD-C7E12931726E}.Debug|Any CPU.Build.0 = Debug|Any CPU
		{3304BF5F-FDC4-472C-A1AD-C7E12931726E}.Release|Any CPU.ActiveCfg = Release|Any CPU
		{3304BF5F-FDC4-472C-A1AD-C7E12931726E}.Release|Any CPU.Build.0 = Release|Any CPU
	EndGlobalSection
	GlobalSection(SolutionProperties) = preSolution
		HideSolutionNode = FALSE
	EndGlobalSection
	GlobalSection(ExtensibilityGlobals) = postSolution
		SolutionGuid = {397D2606-EDA0-4743-826A-409EA9ECEFCB}
	EndGlobalSection
EndGlobal
